// !$*UTF8*$!
{
	archiveVersion = 1;
	classes = {
	};
	objectVersion = 52;
	objects = {

/* Begin PBXBuildFile section */
		6E38F14B25EC16F3002FCC3A /* NewDeviceView.swift in Sources */ = {isa = PBXBuildFile; fileRef = 6E38F14A25EC16F3002FCC3A /* NewDeviceView.swift */; };
		6E80E90D25EA0AA70065C598 /* ViewModel.swift in Sources */ = {isa = PBXBuildFile; fileRef = 6E80E90C25EA0AA70065C598 /* ViewModel.swift */; };
		6E80E91125EA0B4C0065C598 /* MainView.swift in Sources */ = {isa = PBXBuildFile; fileRef = 6E80E91025EA0B4C0065C598 /* MainView.swift */; };
		6E80E91525EA0BAC0065C598 /* OnboardingView.swift in Sources */ = {isa = PBXBuildFile; fileRef = 6E80E91425EA0BAC0065C598 /* OnboardingView.swift */; };
		6E80E91825EA0C970065C598 /* OboardingIntroView.swift in Sources */ = {isa = PBXBuildFile; fileRef = 6E80E91725EA0C970065C598 /* OboardingIntroView.swift */; };
		6E80E91B25EA0D4A0065C598 /* TextViews.swift in Sources */ = {isa = PBXBuildFile; fileRef = 6E80E91A25EA0D4A0065C598 /* TextViews.swift */; };
		6E80E92025EA12C00065C598 /* OnboardingFirstTimeView.swift in Sources */ = {isa = PBXBuildFile; fileRef = 6E80E91F25EA12C00065C598 /* OnboardingFirstTimeView.swift */; };
		6E80E92325EA1D5C0065C598 /* OnboardingJoinView.swift in Sources */ = {isa = PBXBuildFile; fileRef = 6E80E92225EA1D5C0065C598 /* OnboardingJoinView.swift */; };
		6E80E92725EA22A40065C598 /* OnboardingFirstTimeConfigureView.swift in Sources */ = {isa = PBXBuildFile; fileRef = 6E80E92625EA22A40065C598 /* OnboardingFirstTimeConfigureView.swift */; };
		6E80E92A25EA22CC0065C598 /* ImagePicker.swift in Sources */ = {isa = PBXBuildFile; fileRef = 6E80E92925EA22CC0065C598 /* ImagePicker.swift */; };
		6EBBF62B25EB169100112F44 /* GroupInfoModal.swift in Sources */ = {isa = PBXBuildFile; fileRef = 6EBBF62A25EB169100112F44 /* GroupInfoModal.swift */; };
		782E4C4725EAE4E20018B20D /* Postman.swift in Sources */ = {isa = PBXBuildFile; fileRef = 782E4C4625EAE4E20018B20D /* Postman.swift */; };
		782E4C4A25EAF1CD0018B20D /* RecorderView.swift in Sources */ = {isa = PBXBuildFile; fileRef = 782E4C4925EAF1CD0018B20D /* RecorderView.swift */; };
		782E4C4C25EAF52D0018B20D /* RecorderMainPage.swift in Sources */ = {isa = PBXBuildFile; fileRef = 782E4C4B25EAF52D0018B20D /* RecorderMainPage.swift */; };
		782E4C4E25EAFA060018B20D /* RecorderFinalPage.swift in Sources */ = {isa = PBXBuildFile; fileRef = 782E4C4D25EAFA060018B20D /* RecorderFinalPage.swift */; };
		782E4C5025EAFFA70018B20D /* DeviceCard.swift in Sources */ = {isa = PBXBuildFile; fileRef = 782E4C4F25EAFFA70018B20D /* DeviceCard.swift */; };
		782E4C5225EB01310018B20D /* RecordingState.swift in Sources */ = {isa = PBXBuildFile; fileRef = 782E4C5125EB01310018B20D /* RecordingState.swift */; };
		782E4C5425EB07BE0018B20D /* RecordCard.swift in Sources */ = {isa = PBXBuildFile; fileRef = 782E4C5325EB07BE0018B20D /* RecordCard.swift */; };
		78339A9225EAA31600379D54 /* SoundCard.swift in Sources */ = {isa = PBXBuildFile; fileRef = 78339A9125EAA31600379D54 /* SoundCard.swift */; };
		78339A9525EAAFBE00379D54 /* WebSocketTypes.swift in Sources */ = {isa = PBXBuildFile; fileRef = 78339A9425EAAFBE00379D54 /* WebSocketTypes.swift */; };
		78339A9725EAB01B00379D54 /* RESTfulTypes.swift in Sources */ = {isa = PBXBuildFile; fileRef = 78339A9625EAB01B00379D54 /* RESTfulTypes.swift */; };
		78339A9925EAB43E00379D54 /* SoundListDataSource.swift in Sources */ = {isa = PBXBuildFile; fileRef = 78339A9825EAB43E00379D54 /* SoundListDataSource.swift */; };
		78339A9B25EAB45100379D54 /* NetConfig.swift in Sources */ = {isa = PBXBuildFile; fileRef = 78339A9A25EAB45100379D54 /* NetConfig.swift */; };
		78339A9D25EAB76200379D54 /* Model.swift in Sources */ = {isa = PBXBuildFile; fileRef = 78339A9C25EAB76200379D54 /* Model.swift */; };
		78339A9F25EAC11A00379D54 /* DeviceListDataSource.swift in Sources */ = {isa = PBXBuildFile; fileRef = 78339A9E25EAC11A00379D54 /* DeviceListDataSource.swift */; };
		78339AA125EAC22B00379D54 /* SoundListView.swift in Sources */ = {isa = PBXBuildFile; fileRef = 78339AA025EAC22B00379D54 /* SoundListView.swift */; };
		78339AA325EAC23400379D54 /* DeviceListView.swift in Sources */ = {isa = PBXBuildFile; fileRef = 78339AA225EAC23400379D54 /* DeviceListView.swift */; };
		7848439325EA013C00916547 /* sound_appApp.swift in Sources */ = {isa = PBXBuildFile; fileRef = 7848439225EA013C00916547 /* sound_appApp.swift */; };
		7848439525EA013C00916547 /* ContentView.swift in Sources */ = {isa = PBXBuildFile; fileRef = 7848439425EA013C00916547 /* ContentView.swift */; };
		7848439725EA013D00916547 /* Assets.xcassets in Resources */ = {isa = PBXBuildFile; fileRef = 7848439625EA013D00916547 /* Assets.xcassets */; };
		7848439A25EA013D00916547 /* Preview Assets.xcassets in Resources */ = {isa = PBXBuildFile; fileRef = 7848439925EA013D00916547 /* Preview Assets.xcassets */; };
		784843A325EA18E000916547 /* BrowseView.swift in Sources */ = {isa = PBXBuildFile; fileRef = 784843A225EA18E000916547 /* BrowseView.swift */; };
		78B8500525EA22A300FDEDBE /* ActivityView.swift in Sources */ = {isa = PBXBuildFile; fileRef = 78B8500425EA22A300FDEDBE /* ActivityView.swift */; };
		78B8500725EA22AA00FDEDBE /* DevicesView.swift in Sources */ = {isa = PBXBuildFile; fileRef = 78B8500625EA22AA00FDEDBE /* DevicesView.swift */; };
		78B8500A25EA23FF00FDEDBE /* WaveFormPlayer.swift in Sources */ = {isa = PBXBuildFile; fileRef = 78B8500925EA23FF00FDEDBE /* WaveFormPlayer.swift */; };
		78F23B5825EACF5C0081887E /* CodeScanner in Frameworks */ = {isa = PBXBuildFile; productRef = 78F23B5725EACF5C0081887E /* CodeScanner */; };
/* End PBXBuildFile section */

/* Begin PBXFileReference section */
		6E38F14A25EC16F3002FCC3A /* NewDeviceView.swift */ = {isa = PBXFileReference; lastKnownFileType = sourcecode.swift; path = NewDeviceView.swift; sourceTree = "<group>"; };
		6E80E90C25EA0AA70065C598 /* ViewModel.swift */ = {isa = PBXFileReference; lastKnownFileType = sourcecode.swift; path = ViewModel.swift; sourceTree = "<group>"; };
		6E80E91025EA0B4C0065C598 /* MainView.swift */ = {isa = PBXFileReference; lastKnownFileType = sourcecode.swift; path = MainView.swift; sourceTree = "<group>"; };
		6E80E91425EA0BAC0065C598 /* OnboardingView.swift */ = {isa = PBXFileReference; lastKnownFileType = sourcecode.swift; path = OnboardingView.swift; sourceTree = "<group>"; };
		6E80E91725EA0C970065C598 /* OboardingIntroView.swift */ = {isa = PBXFileReference; lastKnownFileType = sourcecode.swift; path = OboardingIntroView.swift; sourceTree = "<group>"; };
		6E80E91A25EA0D4A0065C598 /* TextViews.swift */ = {isa = PBXFileReference; lastKnownFileType = sourcecode.swift; path = TextViews.swift; sourceTree = "<group>"; };
		6E80E91F25EA12C00065C598 /* OnboardingFirstTimeView.swift */ = {isa = PBXFileReference; lastKnownFileType = sourcecode.swift; path = OnboardingFirstTimeView.swift; sourceTree = "<group>"; };
		6E80E92225EA1D5C0065C598 /* OnboardingJoinView.swift */ = {isa = PBXFileReference; lastKnownFileType = sourcecode.swift; path = OnboardingJoinView.swift; sourceTree = "<group>"; };
		6E80E92625EA22A40065C598 /* OnboardingFirstTimeConfigureView.swift */ = {isa = PBXFileReference; lastKnownFileType = sourcecode.swift; path = OnboardingFirstTimeConfigureView.swift; sourceTree = "<group>"; };
		6E80E92925EA22CC0065C598 /* ImagePicker.swift */ = {isa = PBXFileReference; lastKnownFileType = sourcecode.swift; path = ImagePicker.swift; sourceTree = "<group>"; };
		6EBBF62A25EB169100112F44 /* GroupInfoModal.swift */ = {isa = PBXFileReference; lastKnownFileType = sourcecode.swift; path = GroupInfoModal.swift; sourceTree = "<group>"; };
		782E4C4625EAE4E20018B20D /* Postman.swift */ = {isa = PBXFileReference; lastKnownFileType = sourcecode.swift; path = Postman.swift; sourceTree = "<group>"; };
		782E4C4925EAF1CD0018B20D /* RecorderView.swift */ = {isa = PBXFileReference; lastKnownFileType = sourcecode.swift; path = RecorderView.swift; sourceTree = "<group>"; };
		782E4C4B25EAF52D0018B20D /* RecorderMainPage.swift */ = {isa = PBXFileReference; lastKnownFileType = sourcecode.swift; path = RecorderMainPage.swift; sourceTree = "<group>"; };
		782E4C4D25EAFA060018B20D /* RecorderFinalPage.swift */ = {isa = PBXFileReference; lastKnownFileType = sourcecode.swift; path = RecorderFinalPage.swift; sourceTree = "<group>"; };
		782E4C4F25EAFFA70018B20D /* DeviceCard.swift */ = {isa = PBXFileReference; lastKnownFileType = sourcecode.swift; path = DeviceCard.swift; sourceTree = "<group>"; };
		782E4C5125EB01310018B20D /* RecordingState.swift */ = {isa = PBXFileReference; lastKnownFileType = sourcecode.swift; path = RecordingState.swift; sourceTree = "<group>"; };
		782E4C5325EB07BE0018B20D /* RecordCard.swift */ = {isa = PBXFileReference; lastKnownFileType = sourcecode.swift; path = RecordCard.swift; sourceTree = "<group>"; };
		78339A9125EAA31600379D54 /* SoundCard.swift */ = {isa = PBXFileReference; lastKnownFileType = sourcecode.swift; path = SoundCard.swift; sourceTree = "<group>"; };
		78339A9425EAAFBE00379D54 /* WebSocketTypes.swift */ = {isa = PBXFileReference; lastKnownFileType = sourcecode.swift; path = WebSocketTypes.swift; sourceTree = "<group>"; };
		78339A9625EAB01B00379D54 /* RESTfulTypes.swift */ = {isa = PBXFileReference; lastKnownFileType = sourcecode.swift; path = RESTfulTypes.swift; sourceTree = "<group>"; };
		78339A9825EAB43E00379D54 /* SoundListDataSource.swift */ = {isa = PBXFileReference; lastKnownFileType = sourcecode.swift; path = SoundListDataSource.swift; sourceTree = "<group>"; };
		78339A9A25EAB45100379D54 /* NetConfig.swift */ = {isa = PBXFileReference; lastKnownFileType = sourcecode.swift; path = NetConfig.swift; sourceTree = "<group>"; };
		78339A9C25EAB76200379D54 /* Model.swift */ = {isa = PBXFileReference; lastKnownFileType = sourcecode.swift; path = Model.swift; sourceTree = "<group>"; };
		78339A9E25EAC11A00379D54 /* DeviceListDataSource.swift */ = {isa = PBXFileReference; lastKnownFileType = sourcecode.swift; path = DeviceListDataSource.swift; sourceTree = "<group>"; };
		78339AA025EAC22B00379D54 /* SoundListView.swift */ = {isa = PBXFileReference; lastKnownFileType = sourcecode.swift; path = SoundListView.swift; sourceTree = "<group>"; };
		78339AA225EAC23400379D54 /* DeviceListView.swift */ = {isa = PBXFileReference; lastKnownFileType = sourcecode.swift; path = DeviceListView.swift; sourceTree = "<group>"; };
		7848438F25EA013C00916547 /* sound-app.app */ = {isa = PBXFileReference; explicitFileType = wrapper.application; includeInIndex = 0; path = "sound-app.app"; sourceTree = BUILT_PRODUCTS_DIR; };
		7848439225EA013C00916547 /* sound_appApp.swift */ = {isa = PBXFileReference; lastKnownFileType = sourcecode.swift; path = sound_appApp.swift; sourceTree = "<group>"; };
		7848439425EA013C00916547 /* ContentView.swift */ = {isa = PBXFileReference; lastKnownFileType = sourcecode.swift; path = ContentView.swift; sourceTree = "<group>"; };
		7848439625EA013D00916547 /* Assets.xcassets */ = {isa = PBXFileReference; lastKnownFileType = folder.assetcatalog; path = Assets.xcassets; sourceTree = "<group>"; };
		7848439925EA013D00916547 /* Preview Assets.xcassets */ = {isa = PBXFileReference; lastKnownFileType = folder.assetcatalog; path = "Preview Assets.xcassets"; sourceTree = "<group>"; };
		7848439B25EA013D00916547 /* Info.plist */ = {isa = PBXFileReference; lastKnownFileType = text.plist.xml; path = Info.plist; sourceTree = "<group>"; };
		784843A225EA18E000916547 /* BrowseView.swift */ = {isa = PBXFileReference; lastKnownFileType = sourcecode.swift; path = BrowseView.swift; sourceTree = "<group>"; };
		78B8500425EA22A300FDEDBE /* ActivityView.swift */ = {isa = PBXFileReference; lastKnownFileType = sourcecode.swift; path = ActivityView.swift; sourceTree = "<group>"; };
		78B8500625EA22AA00FDEDBE /* DevicesView.swift */ = {isa = PBXFileReference; lastKnownFileType = sourcecode.swift; path = DevicesView.swift; sourceTree = "<group>"; };
		78B8500925EA23FF00FDEDBE /* WaveFormPlayer.swift */ = {isa = PBXFileReference; lastKnownFileType = sourcecode.swift; path = WaveFormPlayer.swift; sourceTree = "<group>"; };
/* End PBXFileReference section */

/* Begin PBXFrameworksBuildPhase section */
		7848438C25EA013C00916547 /* Frameworks */ = {
			isa = PBXFrameworksBuildPhase;
			buildActionMask = 2147483647;
			files = (
				78F23B5825EACF5C0081887E /* CodeScanner in Frameworks */,
			);
			runOnlyForDeploymentPostprocessing = 0;
		};
/* End PBXFrameworksBuildPhase section */

/* Begin PBXGroup section */
		6E80E90F25EA0B3A0065C598 /* Onboarding */ = {
			isa = PBXGroup;
			children = (
				6E80E91425EA0BAC0065C598 /* OnboardingView.swift */,
				6E80E91725EA0C970065C598 /* OboardingIntroView.swift */,
				6E80E91F25EA12C00065C598 /* OnboardingFirstTimeView.swift */,
				6E80E92225EA1D5C0065C598 /* OnboardingJoinView.swift */,
				6E80E92625EA22A40065C598 /* OnboardingFirstTimeConfigureView.swift */,
			);
			path = Onboarding;
			sourceTree = "<group>";
		};
		782E4C4825EAF1B10018B20D /* Recorder */ = {
			isa = PBXGroup;
			children = (
				782E4C4925EAF1CD0018B20D /* RecorderView.swift */,
				782E4C4B25EAF52D0018B20D /* RecorderMainPage.swift */,
				782E4C4D25EAFA060018B20D /* RecorderFinalPage.swift */,
				782E4C5125EB01310018B20D /* RecordingState.swift */,
			);
			path = Recorder;
			sourceTree = "<group>";
		};
		78339A9325EAAFAE00379D54 /* Data */ = {
			isa = PBXGroup;
			children = (
				78339A9425EAAFBE00379D54 /* WebSocketTypes.swift */,
				78339A9625EAB01B00379D54 /* RESTfulTypes.swift */,
				78339A9825EAB43E00379D54 /* SoundListDataSource.swift */,
				78339A9A25EAB45100379D54 /* NetConfig.swift */,
				78339A9E25EAC11A00379D54 /* DeviceListDataSource.swift */,
				782E4C4625EAE4E20018B20D /* Postman.swift */,
			);
			path = Data;
			sourceTree = "<group>";
		};
		7848438625EA013C00916547 = {
			isa = PBXGroup;
			children = (
				7848439125EA013C00916547 /* sound-app */,
				7848439025EA013C00916547 /* Products */,
			);
			sourceTree = "<group>";
		};
		7848439025EA013C00916547 /* Products */ = {
			isa = PBXGroup;
			children = (
				7848438F25EA013C00916547 /* sound-app.app */,
			);
			name = Products;
			sourceTree = "<group>";
		};
		7848439125EA013C00916547 /* sound-app */ = {
			isa = PBXGroup;
			children = (
				782E4C4825EAF1B10018B20D /* Recorder */,
				78339A9325EAAFAE00379D54 /* Data */,
				78B8500825EA23E600FDEDBE /* Components */,
				6E80E90F25EA0B3A0065C598 /* Onboarding */,
				7848439225EA013C00916547 /* sound_appApp.swift */,
				6E80E91A25EA0D4A0065C598 /* TextViews.swift */,
				7848439425EA013C00916547 /* ContentView.swift */,
				7848439625EA013D00916547 /* Assets.xcassets */,
				7848439B25EA013D00916547 /* Info.plist */,
				7848439825EA013D00916547 /* Preview Content */,
				6E80E90C25EA0AA70065C598 /* ViewModel.swift */,
				6E80E91025EA0B4C0065C598 /* MainView.swift */,
				784843A225EA18E000916547 /* BrowseView.swift */,
				78B8500425EA22A300FDEDBE /* ActivityView.swift */,
				78B8500625EA22AA00FDEDBE /* DevicesView.swift */,
				6E80E92925EA22CC0065C598 /* ImagePicker.swift */,
				78339A9C25EAB76200379D54 /* Model.swift */,
				78339AA025EAC22B00379D54 /* SoundListView.swift */,
				78339AA225EAC23400379D54 /* DeviceListView.swift */,
			);
			path = "sound-app";
			sourceTree = "<group>";
		};
		7848439825EA013D00916547 /* Preview Content */ = {
			isa = PBXGroup;
			children = (
				7848439925EA013D00916547 /* Preview Assets.xcassets */,
			);
			path = "Preview Content";
			sourceTree = "<group>";
		};
		78B8500825EA23E600FDEDBE /* Components */ = {
			isa = PBXGroup;
			children = (
				78B8500925EA23FF00FDEDBE /* WaveFormPlayer.swift */,
				78339A9125EAA31600379D54 /* SoundCard.swift */,
				782E4C4F25EAFFA70018B20D /* DeviceCard.swift */,
				6EBBF62A25EB169100112F44 /* GroupInfoModal.swift */,
				782E4C5325EB07BE0018B20D /* RecordCard.swift */,
				6E38F14A25EC16F3002FCC3A /* NewDeviceView.swift */,
			);
			path = Components;
			sourceTree = "<group>";
		};
/* End PBXGroup section */

/* Begin PBXNativeTarget section */
		7848438E25EA013C00916547 /* sound-app */ = {
			isa = PBXNativeTarget;
			buildConfigurationList = 7848439E25EA013D00916547 /* Build configuration list for PBXNativeTarget "sound-app" */;
			buildPhases = (
				7848438B25EA013C00916547 /* Sources */,
				7848438C25EA013C00916547 /* Frameworks */,
				7848438D25EA013C00916547 /* Resources */,
			);
			buildRules = (
			);
			dependencies = (
			);
			name = "sound-app";
			packageProductDependencies = (
				78F23B5725EACF5C0081887E /* CodeScanner */,
			);
			productName = "sound-app";
			productReference = 7848438F25EA013C00916547 /* sound-app.app */;
			productType = "com.apple.product-type.application";
		};
/* End PBXNativeTarget section */

/* Begin PBXProject section */
		7848438725EA013C00916547 /* Project object */ = {
			isa = PBXProject;
			attributes = {
				LastSwiftUpdateCheck = 1250;
				LastUpgradeCheck = 1250;
				TargetAttributes = {
					7848438E25EA013C00916547 = {
						CreatedOnToolsVersion = 12.5;
					};
				};
			};
			buildConfigurationList = 7848438A25EA013C00916547 /* Build configuration list for PBXProject "sound-app" */;
			compatibilityVersion = "Xcode 9.3";
			developmentRegion = en;
			hasScannedForEncodings = 0;
			knownRegions = (
				en,
				Base,
			);
			mainGroup = 7848438625EA013C00916547;
			packageReferences = (
				78F23B5625EACF5C0081887E /* XCRemoteSwiftPackageReference "CodeScanner" */,
			);
			productRefGroup = 7848439025EA013C00916547 /* Products */;
			projectDirPath = "";
			projectRoot = "";
			targets = (
				7848438E25EA013C00916547 /* sound-app */,
			);
		};
/* End PBXProject section */

/* Begin PBXResourcesBuildPhase section */
		7848438D25EA013C00916547 /* Resources */ = {
			isa = PBXResourcesBuildPhase;
			buildActionMask = 2147483647;
			files = (
				7848439A25EA013D00916547 /* Preview Assets.xcassets in Resources */,
				7848439725EA013D00916547 /* Assets.xcassets in Resources */,
			);
			runOnlyForDeploymentPostprocessing = 0;
		};
/* End PBXResourcesBuildPhase section */

/* Begin PBXSourcesBuildPhase section */
		7848438B25EA013C00916547 /* Sources */ = {
			isa = PBXSourcesBuildPhase;
			buildActionMask = 2147483647;
			files = (
				78339A9D25EAB76200379D54 /* Model.swift in Sources */,
				78B8500725EA22AA00FDEDBE /* DevicesView.swift in Sources */,
				7848439525EA013C00916547 /* ContentView.swift in Sources */,
				784843A325EA18E000916547 /* BrowseView.swift in Sources */,
				78339A9B25EAB45100379D54 /* NetConfig.swift in Sources */,
				78339AA125EAC22B00379D54 /* SoundListView.swift in Sources */,
				782E4C5025EAFFA70018B20D /* DeviceCard.swift in Sources */,
				78339AA325EAC23400379D54 /* DeviceListView.swift in Sources */,
				782E4C4E25EAFA060018B20D /* RecorderFinalPage.swift in Sources */,
				782E4C4A25EAF1CD0018B20D /* RecorderView.swift in Sources */,
				78339A9525EAAFBE00379D54 /* WebSocketTypes.swift in Sources */,
				78339A9F25EAC11A00379D54 /* DeviceListDataSource.swift in Sources */,
				6E80E91825EA0C970065C598 /* OboardingIntroView.swift in Sources */,
				78B8500525EA22A300FDEDBE /* ActivityView.swift in Sources */,
				6E80E91125EA0B4C0065C598 /* MainView.swift in Sources */,
				6E80E90D25EA0AA70065C598 /* ViewModel.swift in Sources */,
				6E38F14B25EC16F3002FCC3A /* NewDeviceView.swift in Sources */,
				782E4C5425EB07BE0018B20D /* RecordCard.swift in Sources */,
				6E80E91525EA0BAC0065C598 /* OnboardingView.swift in Sources */,
				6E80E92725EA22A40065C598 /* OnboardingFirstTimeConfigureView.swift in Sources */,
				6E80E92025EA12C00065C598 /* OnboardingFirstTimeView.swift in Sources */,
				6EBBF62B25EB169100112F44 /* GroupInfoModal.swift in Sources */,
				6E80E92325EA1D5C0065C598 /* OnboardingJoinView.swift in Sources */,
				782E4C4725EAE4E20018B20D /* Postman.swift in Sources */,
				6E80E92A25EA22CC0065C598 /* ImagePicker.swift in Sources */,
				78339A9725EAB01B00379D54 /* RESTfulTypes.swift in Sources */,
				78339A9925EAB43E00379D54 /* SoundListDataSource.swift in Sources */,
				6E80E91B25EA0D4A0065C598 /* TextViews.swift in Sources */,
				782E4C5225EB01310018B20D /* RecordingState.swift in Sources */,
				78339A9225EAA31600379D54 /* SoundCard.swift in Sources */,
				7848439325EA013C00916547 /* sound_appApp.swift in Sources */,
				78B8500A25EA23FF00FDEDBE /* WaveFormPlayer.swift in Sources */,
				782E4C4C25EAF52D0018B20D /* RecorderMainPage.swift in Sources */,
			);
			runOnlyForDeploymentPostprocessing = 0;
		};
/* End PBXSourcesBuildPhase section */

/* Begin XCBuildConfiguration section */
		7848439C25EA013D00916547 /* Debug */ = {
			isa = XCBuildConfiguration;
			buildSettings = {
				ALWAYS_SEARCH_USER_PATHS = NO;
				CLANG_ANALYZER_NONNULL = YES;
				CLANG_ANALYZER_NUMBER_OBJECT_CONVERSION = YES_AGGRESSIVE;
				CLANG_CXX_LANGUAGE_STANDARD = "gnu++14";
				CLANG_CXX_LIBRARY = "libc++";
				CLANG_ENABLE_MODULES = YES;
				CLANG_ENABLE_OBJC_ARC = YES;
				CLANG_ENABLE_OBJC_WEAK = YES;
				CLANG_WARN_BLOCK_CAPTURE_AUTORELEASING = YES;
				CLANG_WARN_BOOL_CONVERSION = YES;
				CLANG_WARN_COMMA = YES;
				CLANG_WARN_CONSTANT_CONVERSION = YES;
				CLANG_WARN_DEPRECATED_OBJC_IMPLEMENTATIONS = YES;
				CLANG_WARN_DIRECT_OBJC_ISA_USAGE = YES_ERROR;
				CLANG_WARN_DOCUMENTATION_COMMENTS = YES;
				CLANG_WARN_EMPTY_BODY = YES;
				CLANG_WARN_ENUM_CONVERSION = YES;
				CLANG_WARN_INFINITE_RECURSION = YES;
				CLANG_WARN_INT_CONVERSION = YES;
				CLANG_WARN_NON_LITERAL_NULL_CONVERSION = YES;
				CLANG_WARN_OBJC_IMPLICIT_RETAIN_SELF = YES;
				CLANG_WARN_OBJC_LITERAL_CONVERSION = YES;
				CLANG_WARN_OBJC_ROOT_CLASS = YES_ERROR;
				CLANG_WARN_QUOTED_INCLUDE_IN_FRAMEWORK_HEADER = YES;
				CLANG_WARN_RANGE_LOOP_ANALYSIS = YES;
				CLANG_WARN_STRICT_PROTOTYPES = YES;
				CLANG_WARN_SUSPICIOUS_MOVE = YES;
				CLANG_WARN_UNGUARDED_AVAILABILITY = YES_AGGRESSIVE;
				CLANG_WARN_UNREACHABLE_CODE = YES;
				CLANG_WARN__DUPLICATE_METHOD_MATCH = YES;
				COPY_PHASE_STRIP = NO;
				DEBUG_INFORMATION_FORMAT = dwarf;
				ENABLE_STRICT_OBJC_MSGSEND = YES;
				ENABLE_TESTABILITY = YES;
				GCC_C_LANGUAGE_STANDARD = gnu11;
				GCC_DYNAMIC_NO_PIC = NO;
				GCC_NO_COMMON_BLOCKS = YES;
				GCC_OPTIMIZATION_LEVEL = 0;
				GCC_PREPROCESSOR_DEFINITIONS = (
					"DEBUG=1",
					"$(inherited)",
				);
				GCC_WARN_64_TO_32_BIT_CONVERSION = YES;
				GCC_WARN_ABOUT_RETURN_TYPE = YES_ERROR;
				GCC_WARN_UNDECLARED_SELECTOR = YES;
				GCC_WARN_UNINITIALIZED_AUTOS = YES_AGGRESSIVE;
				GCC_WARN_UNUSED_FUNCTION = YES;
				GCC_WARN_UNUSED_VARIABLE = YES;
				IPHONEOS_DEPLOYMENT_TARGET = 14.5;
				MTL_ENABLE_DEBUG_INFO = INCLUDE_SOURCE;
				MTL_FAST_MATH = YES;
				ONLY_ACTIVE_ARCH = YES;
				SDKROOT = iphoneos;
				SWIFT_ACTIVE_COMPILATION_CONDITIONS = DEBUG;
				SWIFT_OPTIMIZATION_LEVEL = "-Onone";
			};
			name = Debug;
		};
		7848439D25EA013D00916547 /* Release */ = {
			isa = XCBuildConfiguration;
			buildSettings = {
				ALWAYS_SEARCH_USER_PATHS = NO;
				CLANG_ANALYZER_NONNULL = YES;
				CLANG_ANALYZER_NUMBER_OBJECT_CONVERSION = YES_AGGRESSIVE;
				CLANG_CXX_LANGUAGE_STANDARD = "gnu++14";
				CLANG_CXX_LIBRARY = "libc++";
				CLANG_ENABLE_MODULES = YES;
				CLANG_ENABLE_OBJC_ARC = YES;
				CLANG_ENABLE_OBJC_WEAK = YES;
				CLANG_WARN_BLOCK_CAPTURE_AUTORELEASING = YES;
				CLANG_WARN_BOOL_CONVERSION = YES;
				CLANG_WARN_COMMA = YES;
				CLANG_WARN_CONSTANT_CONVERSION = YES;
				CLANG_WARN_DEPRECATED_OBJC_IMPLEMENTATIONS = YES;
				CLANG_WARN_DIRECT_OBJC_ISA_USAGE = YES_ERROR;
				CLANG_WARN_DOCUMENTATION_COMMENTS = YES;
				CLANG_WARN_EMPTY_BODY = YES;
				CLANG_WARN_ENUM_CONVERSION = YES;
				CLANG_WARN_INFINITE_RECURSION = YES;
				CLANG_WARN_INT_CONVERSION = YES;
				CLANG_WARN_NON_LITERAL_NULL_CONVERSION = YES;
				CLANG_WARN_OBJC_IMPLICIT_RETAIN_SELF = YES;
				CLANG_WARN_OBJC_LITERAL_CONVERSION = YES;
				CLANG_WARN_OBJC_ROOT_CLASS = YES_ERROR;
				CLANG_WARN_QUOTED_INCLUDE_IN_FRAMEWORK_HEADER = YES;
				CLANG_WARN_RANGE_LOOP_ANALYSIS = YES;
				CLANG_WARN_STRICT_PROTOTYPES = YES;
				CLANG_WARN_SUSPICIOUS_MOVE = YES;
				CLANG_WARN_UNGUARDED_AVAILABILITY = YES_AGGRESSIVE;
				CLANG_WARN_UNREACHABLE_CODE = YES;
				CLANG_WARN__DUPLICATE_METHOD_MATCH = YES;
				COPY_PHASE_STRIP = NO;
				DEBUG_INFORMATION_FORMAT = "dwarf-with-dsym";
				ENABLE_NS_ASSERTIONS = NO;
				ENABLE_STRICT_OBJC_MSGSEND = YES;
				GCC_C_LANGUAGE_STANDARD = gnu11;
				GCC_NO_COMMON_BLOCKS = YES;
				GCC_WARN_64_TO_32_BIT_CONVERSION = YES;
				GCC_WARN_ABOUT_RETURN_TYPE = YES_ERROR;
				GCC_WARN_UNDECLARED_SELECTOR = YES;
				GCC_WARN_UNINITIALIZED_AUTOS = YES_AGGRESSIVE;
				GCC_WARN_UNUSED_FUNCTION = YES;
				GCC_WARN_UNUSED_VARIABLE = YES;
				IPHONEOS_DEPLOYMENT_TARGET = 14.5;
				MTL_ENABLE_DEBUG_INFO = NO;
				MTL_FAST_MATH = YES;
				SDKROOT = iphoneos;
				SWIFT_COMPILATION_MODE = wholemodule;
				SWIFT_OPTIMIZATION_LEVEL = "-O";
				VALIDATE_PRODUCT = YES;
			};
			name = Release;
		};
		7848439F25EA013D00916547 /* Debug */ = {
			isa = XCBuildConfiguration;
			buildSettings = {
				ASSETCATALOG_COMPILER_APPICON_NAME = AppIcon;
				ASSETCATALOG_COMPILER_GLOBAL_ACCENT_COLOR_NAME = AccentColor;
				CODE_SIGN_STYLE = Automatic;
				DEVELOPMENT_ASSET_PATHS = "\"sound-app/Preview Content\"";
				DEVELOPMENT_TEAM = 65VEZ757KM;
				ENABLE_PREVIEWS = YES;
				INFOPLIST_FILE = "sound-app/Info.plist";
				IPHONEOS_DEPLOYMENT_TARGET = 14.0;
				LD_RUNPATH_SEARCH_PATHS = (
					"$(inherited)",
					"@executable_path/Frameworks",
				);
				PRODUCT_BUNDLE_IDENTIFIER = "arpan-dhatt.sound-app";
				PRODUCT_NAME = "$(TARGET_NAME)";
				SWIFT_VERSION = 5.0;
				TARGETED_DEVICE_FAMILY = "1,2";
			};
			name = Debug;
		};
		784843A025EA013D00916547 /* Release */ = {
			isa = XCBuildConfiguration;
			buildSettings = {
				ASSETCATALOG_COMPILER_APPICON_NAME = AppIcon;
				ASSETCATALOG_COMPILER_GLOBAL_ACCENT_COLOR_NAME = AccentColor;
				CODE_SIGN_STYLE = Automatic;
				DEVELOPMENT_ASSET_PATHS = "\"sound-app/Preview Content\"";
				DEVELOPMENT_TEAM = 65VEZ757KM;
				ENABLE_PREVIEWS = YES;
				INFOPLIST_FILE = "sound-app/Info.plist";
				IPHONEOS_DEPLOYMENT_TARGET = 14.0;
				LD_RUNPATH_SEARCH_PATHS = (
					"$(inherited)",
					"@executable_path/Frameworks",
				);
				PRODUCT_BUNDLE_IDENTIFIER = "arpan-dhatt.sound-app";
				PRODUCT_NAME = "$(TARGET_NAME)";
				SWIFT_VERSION = 5.0;
				TARGETED_DEVICE_FAMILY = "1,2";
			};
			name = Release;
		};
/* End XCBuildConfiguration section */

/* Begin XCConfigurationList section */
		7848438A25EA013C00916547 /* Build configuration list for PBXProject "sound-app" */ = {
			isa = XCConfigurationList;
			buildConfigurations = (
				7848439C25EA013D00916547 /* Debug */,
				7848439D25EA013D00916547 /* Release */,
			);
			defaultConfigurationIsVisible = 0;
			defaultConfigurationName = Release;
		};
		7848439E25EA013D00916547 /* Build configuration list for PBXNativeTarget "sound-app" */ = {
			isa = XCConfigurationList;
			buildConfigurations = (
				7848439F25EA013D00916547 /* Debug */,
				784843A025EA013D00916547 /* Release */,
			);
			defaultConfigurationIsVisible = 0;
			defaultConfigurationName = Release;
		};
/* End XCConfigurationList section */

/* Begin XCRemoteSwiftPackageReference section */
		78F23B5625EACF5C0081887E /* XCRemoteSwiftPackageReference "CodeScanner" */ = {
			isa = XCRemoteSwiftPackageReference;
			repositoryURL = "https://github.com/twostraws/CodeScanner";
			requirement = {
				kind = upToNextMajorVersion;
				minimumVersion = 1.0.7;
			};
		};
/* End XCRemoteSwiftPackageReference section */

/* Begin XCSwiftPackageProductDependency section */
		78F23B5725EACF5C0081887E /* CodeScanner */ = {
			isa = XCSwiftPackageProductDependency;
			package = 78F23B5625EACF5C0081887E /* XCRemoteSwiftPackageReference "CodeScanner" */;
			productName = CodeScanner;
		};
/* End XCSwiftPackageProductDependency section */
	};
	rootObject = 7848438725EA013C00916547 /* Project object */;
}
